// !$*UTF8*$!
{
	archiveVersion = 1;
	classes = {
	};
	objectVersion = 51;
	objects = {

/* Begin PBXBuildFile section */
		51BEB12F4D3379252C4F8DBD /* Pods_VandMarvelTests.framework in Frameworks */ = {isa = PBXBuildFile; fileRef = ECEABF577AE842CF9BDB1255 /* Pods_VandMarvelTests.framework */; };
		7A403B0E4146792D2D548F88 /* Pods_VandMarvel.framework in Frameworks */ = {isa = PBXBuildFile; fileRef = 102F63FDADFF4213AF0E213D /* Pods_VandMarvel.framework */; };
		A0BDAB4425B7D00A00A711AB /* AppDelegate.swift in Sources */ = {isa = PBXBuildFile; fileRef = A0BDAB4325B7D00A00A711AB /* AppDelegate.swift */; };
		A0BDAB4825B7D00A00A711AB /* MainViewController.swift in Sources */ = {isa = PBXBuildFile; fileRef = A0BDAB4725B7D00A00A711AB /* MainViewController.swift */; };
		A0BDAB4D25B7D00D00A711AB /* Assets.xcassets in Resources */ = {isa = PBXBuildFile; fileRef = A0BDAB4C25B7D00D00A711AB /* Assets.xcassets */; };
		A0BDAB5025B7D00D00A711AB /* LaunchScreen.storyboard in Resources */ = {isa = PBXBuildFile; fileRef = A0BDAB4E25B7D00D00A711AB /* LaunchScreen.storyboard */; };
		A0BDAB5B25B7D00D00A711AB /* VandMarvelTests.swift in Sources */ = {isa = PBXBuildFile; fileRef = A0BDAB5A25B7D00D00A711AB /* VandMarvelTests.swift */; };
		A0BDAB6625B7D00D00A711AB /* VandMarvelUITests.swift in Sources */ = {isa = PBXBuildFile; fileRef = A0BDAB6525B7D00D00A711AB /* VandMarvelUITests.swift */; };
		A0BDAB8F25B7D0AB00A711AB /* MainView.swift in Sources */ = {isa = PBXBuildFile; fileRef = A0BDAB8E25B7D0AB00A711AB /* MainView.swift */; };
		B472C1D970D26022083C0FEC /* Pods_VandMarvel_VandMarvelUITests.framework in Frameworks */ = {isa = PBXBuildFile; fileRef = 74556565E56593D4854CB15F /* Pods_VandMarvel_VandMarvelUITests.framework */; };
/* End PBXBuildFile section */

/* Begin PBXContainerItemProxy section */
		A0BDAB5725B7D00D00A711AB /* PBXContainerItemProxy */ = {
			isa = PBXContainerItemProxy;
			containerPortal = A0BDAB3825B7D00A00A711AB /* Project object */;
			proxyType = 1;
			remoteGlobalIDString = A0BDAB3F25B7D00A00A711AB;
			remoteInfo = VandMarvel;
		};
		A0BDAB6225B7D00D00A711AB /* PBXContainerItemProxy */ = {
			isa = PBXContainerItemProxy;
			containerPortal = A0BDAB3825B7D00A00A711AB /* Project object */;
			proxyType = 1;
			remoteGlobalIDString = A0BDAB3F25B7D00A00A711AB;
			remoteInfo = VandMarvel;
		};
/* End PBXContainerItemProxy section */

/* Begin PBXFileReference section */
		102F63FDADFF4213AF0E213D /* Pods_VandMarvel.framework */ = {isa = PBXFileReference; explicitFileType = wrapper.framework; includeInIndex = 0; path = Pods_VandMarvel.framework; sourceTree = BUILT_PRODUCTS_DIR; };
		1AA84036795EE8B83AB9C688 /* Pods-VandMarvel-VandMarvelUITests.release.xcconfig */ = {isa = PBXFileReference; includeInIndex = 1; lastKnownFileType = text.xcconfig; name = "Pods-VandMarvel-VandMarvelUITests.release.xcconfig"; path = "Target Support Files/Pods-VandMarvel-VandMarvelUITests/Pods-VandMarvel-VandMarvelUITests.release.xcconfig"; sourceTree = "<group>"; };
		246A38276B15A4BED39BE6BA /* Pods-VandMarvel.debug.xcconfig */ = {isa = PBXFileReference; includeInIndex = 1; lastKnownFileType = text.xcconfig; name = "Pods-VandMarvel.debug.xcconfig"; path = "Target Support Files/Pods-VandMarvel/Pods-VandMarvel.debug.xcconfig"; sourceTree = "<group>"; };
		335674ADCEDB4F103C189616 /* Pods-VandMarvel-VandMarvelUITests.debug.xcconfig */ = {isa = PBXFileReference; includeInIndex = 1; lastKnownFileType = text.xcconfig; name = "Pods-VandMarvel-VandMarvelUITests.debug.xcconfig"; path = "Target Support Files/Pods-VandMarvel-VandMarvelUITests/Pods-VandMarvel-VandMarvelUITests.debug.xcconfig"; sourceTree = "<group>"; };
		51811E45D2B8A86F14A878EB /* Pods-VandMarvelTests.release.xcconfig */ = {isa = PBXFileReference; includeInIndex = 1; lastKnownFileType = text.xcconfig; name = "Pods-VandMarvelTests.release.xcconfig"; path = "Target Support Files/Pods-VandMarvelTests/Pods-VandMarvelTests.release.xcconfig"; sourceTree = "<group>"; };
		725052A310633EA844598A70 /* Pods-VandMarvel.release.xcconfig */ = {isa = PBXFileReference; includeInIndex = 1; lastKnownFileType = text.xcconfig; name = "Pods-VandMarvel.release.xcconfig"; path = "Target Support Files/Pods-VandMarvel/Pods-VandMarvel.release.xcconfig"; sourceTree = "<group>"; };
		74556565E56593D4854CB15F /* Pods_VandMarvel_VandMarvelUITests.framework */ = {isa = PBXFileReference; explicitFileType = wrapper.framework; includeInIndex = 0; path = Pods_VandMarvel_VandMarvelUITests.framework; sourceTree = BUILT_PRODUCTS_DIR; };
		A0BDAB4025B7D00A00A711AB /* VandMarvel.app */ = {isa = PBXFileReference; explicitFileType = wrapper.application; includeInIndex = 0; path = VandMarvel.app; sourceTree = BUILT_PRODUCTS_DIR; };
		A0BDAB4325B7D00A00A711AB /* AppDelegate.swift */ = {isa = PBXFileReference; lastKnownFileType = sourcecode.swift; path = AppDelegate.swift; sourceTree = "<group>"; };
		A0BDAB4725B7D00A00A711AB /* MainViewController.swift */ = {isa = PBXFileReference; lastKnownFileType = sourcecode.swift; path = MainViewController.swift; sourceTree = "<group>"; };
		A0BDAB4C25B7D00D00A711AB /* Assets.xcassets */ = {isa = PBXFileReference; lastKnownFileType = folder.assetcatalog; path = Assets.xcassets; sourceTree = "<group>"; };
		A0BDAB4F25B7D00D00A711AB /* Base */ = {isa = PBXFileReference; lastKnownFileType = file.storyboard; name = Base; path = Base.lproj/LaunchScreen.storyboard; sourceTree = "<group>"; };
		A0BDAB5125B7D00D00A711AB /* Info.plist */ = {isa = PBXFileReference; lastKnownFileType = text.plist.xml; path = Info.plist; sourceTree = "<group>"; };
		A0BDAB5625B7D00D00A711AB /* VandMarvelTests.xctest */ = {isa = PBXFileReference; explicitFileType = wrapper.cfbundle; includeInIndex = 0; path = VandMarvelTests.xctest; sourceTree = BUILT_PRODUCTS_DIR; };
		A0BDAB5A25B7D00D00A711AB /* VandMarvelTests.swift */ = {isa = PBXFileReference; lastKnownFileType = sourcecode.swift; path = VandMarvelTests.swift; sourceTree = "<group>"; };
		A0BDAB5C25B7D00D00A711AB /* Info.plist */ = {isa = PBXFileReference; lastKnownFileType = text.plist.xml; path = Info.plist; sourceTree = "<group>"; };
		A0BDAB6125B7D00D00A711AB /* VandMarvelUITests.xctest */ = {isa = PBXFileReference; explicitFileType = wrapper.cfbundle; includeInIndex = 0; path = VandMarvelUITests.xctest; sourceTree = BUILT_PRODUCTS_DIR; };
		A0BDAB6525B7D00D00A711AB /* VandMarvelUITests.swift */ = {isa = PBXFileReference; lastKnownFileType = sourcecode.swift; path = VandMarvelUITests.swift; sourceTree = "<group>"; };
		A0BDAB6725B7D00D00A711AB /* Info.plist */ = {isa = PBXFileReference; lastKnownFileType = text.plist.xml; path = Info.plist; sourceTree = "<group>"; };
		A0BDAB8E25B7D0AB00A711AB /* MainView.swift */ = {isa = PBXFileReference; lastKnownFileType = sourcecode.swift; path = MainView.swift; sourceTree = "<group>"; };
		A0C55D3F9FB1DC08DFDD2FD3 /* Pods-VandMarvelTests.debug.xcconfig */ = {isa = PBXFileReference; includeInIndex = 1; lastKnownFileType = text.xcconfig; name = "Pods-VandMarvelTests.debug.xcconfig"; path = "Target Support Files/Pods-VandMarvelTests/Pods-VandMarvelTests.debug.xcconfig"; sourceTree = "<group>"; };
		ECEABF577AE842CF9BDB1255 /* Pods_VandMarvelTests.framework */ = {isa = PBXFileReference; explicitFileType = wrapper.framework; includeInIndex = 0; path = Pods_VandMarvelTests.framework; sourceTree = BUILT_PRODUCTS_DIR; };
/* End PBXFileReference section */

/* Begin PBXFrameworksBuildPhase section */
		A0BDAB3D25B7D00A00A711AB /* Frameworks */ = {
			isa = PBXFrameworksBuildPhase;
			buildActionMask = 2147483647;
			files = (
				7A403B0E4146792D2D548F88 /* Pods_VandMarvel.framework in Frameworks */,
			);
			runOnlyForDeploymentPostprocessing = 0;
		};
		A0BDAB5325B7D00D00A711AB /* Frameworks */ = {
			isa = PBXFrameworksBuildPhase;
			buildActionMask = 2147483647;
			files = (
				51BEB12F4D3379252C4F8DBD /* Pods_VandMarvelTests.framework in Frameworks */,
			);
			runOnlyForDeploymentPostprocessing = 0;
		};
		A0BDAB5E25B7D00D00A711AB /* Frameworks */ = {
			isa = PBXFrameworksBuildPhase;
			buildActionMask = 2147483647;
			files = (
				B472C1D970D26022083C0FEC /* Pods_VandMarvel_VandMarvelUITests.framework in Frameworks */,
			);
			runOnlyForDeploymentPostprocessing = 0;
		};
/* End PBXFrameworksBuildPhase section */

/* Begin PBXGroup section */
		A0BDAB3725B7D00A00A711AB = {
			isa = PBXGroup;
			children = (
				A0BDAB4225B7D00A00A711AB /* VandMarvel */,
				A0BDAB5925B7D00D00A711AB /* VandMarvelTests */,
				A0BDAB6425B7D00D00A711AB /* VandMarvelUITests */,
				A0BDAB4125B7D00A00A711AB /* Products */,
				C6C3B55C563EAB0ED762FCE1 /* Pods */,
				F4AC9171E578F511ECC1790F /* Frameworks */,
			);
			sourceTree = "<group>";
		};
		A0BDAB4125B7D00A00A711AB /* Products */ = {
			isa = PBXGroup;
			children = (
				A0BDAB4025B7D00A00A711AB /* VandMarvel.app */,
				A0BDAB5625B7D00D00A711AB /* VandMarvelTests.xctest */,
				A0BDAB6125B7D00D00A711AB /* VandMarvelUITests.xctest */,
			);
			name = Products;
			sourceTree = "<group>";
		};
		A0BDAB4225B7D00A00A711AB /* VandMarvel */ = {
			isa = PBXGroup;
			children = (
				A0BDAB7A25B7D03900A711AB /* Features */,
				A0BDAB7625B7D02300A711AB /* Supporting Files */,
			);
			path = VandMarvel;
			sourceTree = "<group>";
		};
		A0BDAB5925B7D00D00A711AB /* VandMarvelTests */ = {
			isa = PBXGroup;
			children = (
				A0BDAB5A25B7D00D00A711AB /* VandMarvelTests.swift */,
				A0BDAB5C25B7D00D00A711AB /* Info.plist */,
			);
			path = VandMarvelTests;
			sourceTree = "<group>";
		};
		A0BDAB6425B7D00D00A711AB /* VandMarvelUITests */ = {
			isa = PBXGroup;
			children = (
				A0BDAB6525B7D00D00A711AB /* VandMarvelUITests.swift */,
				A0BDAB6725B7D00D00A711AB /* Info.plist */,
			);
			path = VandMarvelUITests;
			sourceTree = "<group>";
		};
		A0BDAB7625B7D02300A711AB /* Supporting Files */ = {
			isa = PBXGroup;
			children = (
				A0BDAB4325B7D00A00A711AB /* AppDelegate.swift */,
				A0BDAB4C25B7D00D00A711AB /* Assets.xcassets */,
				A0BDAB4E25B7D00D00A711AB /* LaunchScreen.storyboard */,
				A0BDAB5125B7D00D00A711AB /* Info.plist */,
			);
			path = "Supporting Files";
			sourceTree = "<group>";
		};
		A0BDAB7A25B7D03900A711AB /* Features */ = {
			isa = PBXGroup;
			children = (
				A0BDAB7B25B7D05000A711AB /* Main */,
			);
			path = Features;
			sourceTree = "<group>";
		};
		A0BDAB7B25B7D05000A711AB /* Main */ = {
			isa = PBXGroup;
			children = (
				A0BDAB4725B7D00A00A711AB /* MainViewController.swift */,
				A0BDAB8E25B7D0AB00A711AB /* MainView.swift */,
			);
			path = Main;
			sourceTree = "<group>";
		};
		C6C3B55C563EAB0ED762FCE1 /* Pods */ = {
			isa = PBXGroup;
			children = (
				246A38276B15A4BED39BE6BA /* Pods-VandMarvel.debug.xcconfig */,
				725052A310633EA844598A70 /* Pods-VandMarvel.release.xcconfig */,
				335674ADCEDB4F103C189616 /* Pods-VandMarvel-VandMarvelUITests.debug.xcconfig */,
				1AA84036795EE8B83AB9C688 /* Pods-VandMarvel-VandMarvelUITests.release.xcconfig */,
				A0C55D3F9FB1DC08DFDD2FD3 /* Pods-VandMarvelTests.debug.xcconfig */,
				51811E45D2B8A86F14A878EB /* Pods-VandMarvelTests.release.xcconfig */,
			);
			path = Pods;
			sourceTree = "<group>";
		};
		F4AC9171E578F511ECC1790F /* Frameworks */ = {
			isa = PBXGroup;
			children = (
				102F63FDADFF4213AF0E213D /* Pods_VandMarvel.framework */,
				74556565E56593D4854CB15F /* Pods_VandMarvel_VandMarvelUITests.framework */,
				ECEABF577AE842CF9BDB1255 /* Pods_VandMarvelTests.framework */,
			);
			name = Frameworks;
			sourceTree = "<group>";
		};
/* End PBXGroup section */

/* Begin PBXNativeTarget section */
		A0BDAB3F25B7D00A00A711AB /* VandMarvel */ = {
			isa = PBXNativeTarget;
			buildConfigurationList = A0BDAB6A25B7D00D00A711AB /* Build configuration list for PBXNativeTarget "VandMarvel" */;
			buildPhases = (
				F1E37B9F9C24783A37885453 /* [CP] Check Pods Manifest.lock */,
				A0BDAB3C25B7D00A00A711AB /* Sources */,
				A0BDAB3D25B7D00A00A711AB /* Frameworks */,
				A0BDAB3E25B7D00A00A711AB /* Resources */,
				A0BDAB9325B7D0D400A711AB /* Swift Lint */,
				21402E07F02F7F67913D7FB8 /* [CP] Embed Pods Frameworks */,
			);
			buildRules = (
			);
			dependencies = (
			);
			name = VandMarvel;
			productName = VandMarvel;
			productReference = A0BDAB4025B7D00A00A711AB /* VandMarvel.app */;
			productType = "com.apple.product-type.application";
		};
		A0BDAB5525B7D00D00A711AB /* VandMarvelTests */ = {
			isa = PBXNativeTarget;
			buildConfigurationList = A0BDAB6D25B7D00D00A711AB /* Build configuration list for PBXNativeTarget "VandMarvelTests" */;
			buildPhases = (
				ED3726F5056F5EB03EA04EDF /* [CP] Check Pods Manifest.lock */,
				A0BDAB5225B7D00D00A711AB /* Sources */,
				A0BDAB5325B7D00D00A711AB /* Frameworks */,
				A0BDAB5425B7D00D00A711AB /* Resources */,
			);
			buildRules = (
			);
			dependencies = (
				A0BDAB5825B7D00D00A711AB /* PBXTargetDependency */,
			);
			name = VandMarvelTests;
			productName = VandMarvelTests;
			productReference = A0BDAB5625B7D00D00A711AB /* VandMarvelTests.xctest */;
			productType = "com.apple.product-type.bundle.unit-test";
		};
		A0BDAB6025B7D00D00A711AB /* VandMarvelUITests */ = {
			isa = PBXNativeTarget;
			buildConfigurationList = A0BDAB7025B7D00D00A711AB /* Build configuration list for PBXNativeTarget "VandMarvelUITests" */;
			buildPhases = (
				AD33B13D33237C02757E9A66 /* [CP] Check Pods Manifest.lock */,
				A0BDAB5D25B7D00D00A711AB /* Sources */,
				A0BDAB5E25B7D00D00A711AB /* Frameworks */,
				A0BDAB5F25B7D00D00A711AB /* Resources */,
				D759FB93CCD12C42A2E29966 /* [CP] Embed Pods Frameworks */,
			);
			buildRules = (
			);
			dependencies = (
				A0BDAB6325B7D00D00A711AB /* PBXTargetDependency */,
			);
			name = VandMarvelUITests;
			productName = VandMarvelUITests;
			productReference = A0BDAB6125B7D00D00A711AB /* VandMarvelUITests.xctest */;
			productType = "com.apple.product-type.bundle.ui-testing";
		};
/* End PBXNativeTarget section */

/* Begin PBXProject section */
		A0BDAB3825B7D00A00A711AB /* Project object */ = {
			isa = PBXProject;
			attributes = {
				LastSwiftUpdateCheck = 1230;
				LastUpgradeCheck = 1230;
				ORGANIZATIONNAME = Vand;
				TargetAttributes = {
					A0BDAB3F25B7D00A00A711AB = {
						CreatedOnToolsVersion = 12.3;
					};
					A0BDAB5525B7D00D00A711AB = {
						CreatedOnToolsVersion = 12.3;
						TestTargetID = A0BDAB3F25B7D00A00A711AB;
					};
					A0BDAB6025B7D00D00A711AB = {
						CreatedOnToolsVersion = 12.3;
						TestTargetID = A0BDAB3F25B7D00A00A711AB;
					};
				};
			};
			buildConfigurationList = A0BDAB3B25B7D00A00A711AB /* Build configuration list for PBXProject "VandMarvel" */;
			compatibilityVersion = "Xcode 9.3";
			developmentRegion = en;
			hasScannedForEncodings = 0;
			knownRegions = (
				en,
				Base,
			);
			mainGroup = A0BDAB3725B7D00A00A711AB;
			productRefGroup = A0BDAB4125B7D00A00A711AB /* Products */;
			projectDirPath = "";
			projectRoot = "";
			targets = (
				A0BDAB3F25B7D00A00A711AB /* VandMarvel */,
				A0BDAB5525B7D00D00A711AB /* VandMarvelTests */,
				A0BDAB6025B7D00D00A711AB /* VandMarvelUITests */,
			);
		};
/* End PBXProject section */

/* Begin PBXResourcesBuildPhase section */
		A0BDAB3E25B7D00A00A711AB /* Resources */ = {
			isa = PBXResourcesBuildPhase;
			buildActionMask = 2147483647;
			files = (
				A0BDAB5025B7D00D00A711AB /* LaunchScreen.storyboard in Resources */,
				A0BDAB4D25B7D00D00A711AB /* Assets.xcassets in Resources */,
			);
			runOnlyForDeploymentPostprocessing = 0;
		};
		A0BDAB5425B7D00D00A711AB /* Resources */ = {
			isa = PBXResourcesBuildPhase;
			buildActionMask = 2147483647;
			files = (
			);
			runOnlyForDeploymentPostprocessing = 0;
		};
		A0BDAB5F25B7D00D00A711AB /* Resources */ = {
			isa = PBXResourcesBuildPhase;
			buildActionMask = 2147483647;
			files = (
			);
			runOnlyForDeploymentPostprocessing = 0;
		};
/* End PBXResourcesBuildPhase section */

/* Begin PBXShellScriptBuildPhase section */
		21402E07F02F7F67913D7FB8 /* [CP] Embed Pods Frameworks */ = {
			isa = PBXShellScriptBuildPhase;
			buildActionMask = 2147483647;
			files = (
			);
			inputFileListPaths = (
				"${PODS_ROOT}/Target Support Files/Pods-VandMarvel/Pods-VandMarvel-frameworks-${CONFIGURATION}-input-files.xcfilelist",
			);
			name = "[CP] Embed Pods Frameworks";
			outputFileListPaths = (
				"${PODS_ROOT}/Target Support Files/Pods-VandMarvel/Pods-VandMarvel-frameworks-${CONFIGURATION}-output-files.xcfilelist",
			);
			runOnlyForDeploymentPostprocessing = 0;
			shellPath = /bin/sh;
			shellScript = "\"${PODS_ROOT}/Target Support Files/Pods-VandMarvel/Pods-VandMarvel-frameworks.sh\"\n";
			showEnvVarsInLog = 0;
		};
		A0BDAB9325B7D0D400A711AB /* Swift Lint */ = {
			isa = PBXShellScriptBuildPhase;
			buildActionMask = 2147483647;
			files = (
			);
			inputFileListPaths = (
			);
			inputPaths = (
			);
			name = "Swift Lint";
			outputFileListPaths = (
			);
			outputPaths = (
			);
			runOnlyForDeploymentPostprocessing = 0;
			shellPath = /bin/sh;
			shellScript = "if which ${PODS_ROOT}/SwiftLint/swiftlint >/dev/null; then\n  ${PODS_ROOT}/SwiftLint/swiftlint\nelse\n  echo \"warning: SwiftLint not installed, download from https://github.com/realm/SwiftLint\"\nfi\n";
		};
		AD33B13D33237C02757E9A66 /* [CP] Check Pods Manifest.lock */ = {
			isa = PBXShellScriptBuildPhase;
			buildActionMask = 2147483647;
			files = (
			);
			inputFileListPaths = (
			);
			inputPaths = (
				"${PODS_PODFILE_DIR_PATH}/Podfile.lock",
				"${PODS_ROOT}/Manifest.lock",
			);
			name = "[CP] Check Pods Manifest.lock";
			outputFileListPaths = (
			);
			outputPaths = (
				"$(DERIVED_FILE_DIR)/Pods-VandMarvel-VandMarvelUITests-checkManifestLockResult.txt",
			);
			runOnlyForDeploymentPostprocessing = 0;
			shellPath = /bin/sh;
			shellScript = "diff \"${PODS_PODFILE_DIR_PATH}/Podfile.lock\" \"${PODS_ROOT}/Manifest.lock\" > /dev/null\nif [ $? != 0 ] ; then\n    # print error to STDERR\n    echo \"error: The sandbox is not in sync with the Podfile.lock. Run 'pod install' or update your CocoaPods installation.\" >&2\n    exit 1\nfi\n# This output is used by Xcode 'outputs' to avoid re-running this script phase.\necho \"SUCCESS\" > \"${SCRIPT_OUTPUT_FILE_0}\"\n";
			showEnvVarsInLog = 0;
		};
		D759FB93CCD12C42A2E29966 /* [CP] Embed Pods Frameworks */ = {
			isa = PBXShellScriptBuildPhase;
			buildActionMask = 2147483647;
			files = (
			);
			inputFileListPaths = (
				"${PODS_ROOT}/Target Support Files/Pods-VandMarvel-VandMarvelUITests/Pods-VandMarvel-VandMarvelUITests-frameworks-${CONFIGURATION}-input-files.xcfilelist",
			);
			name = "[CP] Embed Pods Frameworks";
			outputFileListPaths = (
				"${PODS_ROOT}/Target Support Files/Pods-VandMarvel-VandMarvelUITests/Pods-VandMarvel-VandMarvelUITests-frameworks-${CONFIGURATION}-output-files.xcfilelist",
			);
			runOnlyForDeploymentPostprocessing = 0;
			shellPath = /bin/sh;
			shellScript = "\"${PODS_ROOT}/Target Support Files/Pods-VandMarvel-VandMarvelUITests/Pods-VandMarvel-VandMarvelUITests-frameworks.sh\"\n";
			showEnvVarsInLog = 0;
		};
		ED3726F5056F5EB03EA04EDF /* [CP] Check Pods Manifest.lock */ = {
			isa = PBXShellScriptBuildPhase;
			buildActionMask = 2147483647;
			files = (
			);
			inputFileListPaths = (
			);
			inputPaths = (
				"${PODS_PODFILE_DIR_PATH}/Podfile.lock",
				"${PODS_ROOT}/Manifest.lock",
			);
			name = "[CP] Check Pods Manifest.lock";
			outputFileListPaths = (
			);
			outputPaths = (
				"$(DERIVED_FILE_DIR)/Pods-VandMarvelTests-checkManifestLockResult.txt",
			);
			runOnlyForDeploymentPostprocessing = 0;
			shellPath = /bin/sh;
			shellScript = "diff \"${PODS_PODFILE_DIR_PATH}/Podfile.lock\" \"${PODS_ROOT}/Manifest.lock\" > /dev/null\nif [ $? != 0 ] ; then\n    # print error to STDERR\n    echo \"error: The sandbox is not in sync with the Podfile.lock. Run 'pod install' or update your CocoaPods installation.\" >&2\n    exit 1\nfi\n# This output is used by Xcode 'outputs' to avoid re-running this script phase.\necho \"SUCCESS\" > \"${SCRIPT_OUTPUT_FILE_0}\"\n";
			showEnvVarsInLog = 0;
		};
		F1E37B9F9C24783A37885453 /* [CP] Check Pods Manifest.lock */ = {
			isa = PBXShellScriptBuildPhase;
			buildActionMask = 2147483647;
			files = (
			);
			inputFileListPaths = (
			);
			inputPaths = (
				"${PODS_PODFILE_DIR_PATH}/Podfile.lock",
				"${PODS_ROOT}/Manifest.lock",
			);
			name = "[CP] Check Pods Manifest.lock";
			outputFileListPaths = (
			);
			outputPaths = (
				"$(DERIVED_FILE_DIR)/Pods-VandMarvel-checkManifestLockResult.txt",
			);
			runOnlyForDeploymentPostprocessing = 0;
			shellPath = /bin/sh;
			shellScript = "diff \"${PODS_PODFILE_DIR_PATH}/Podfile.lock\" \"${PODS_ROOT}/Manifest.lock\" > /dev/null\nif [ $? != 0 ] ; then\n    # print error to STDERR\n    echo \"error: The sandbox is not in sync with the Podfile.lock. Run 'pod install' or update your CocoaPods installation.\" >&2\n    exit 1\nfi\n# This output is used by Xcode 'outputs' to avoid re-running this script phase.\necho \"SUCCESS\" > \"${SCRIPT_OUTPUT_FILE_0}\"\n";
			showEnvVarsInLog = 0;
		};
/* End PBXShellScriptBuildPhase section */

/* Begin PBXSourcesBuildPhase section */
		A0BDAB3C25B7D00A00A711AB /* Sources */ = {
			isa = PBXSourcesBuildPhase;
			buildActionMask = 2147483647;
			files = (
				A0BDAB4825B7D00A00A711AB /* MainViewController.swift in Sources */,
				A0BDAB8F25B7D0AB00A711AB /* MainView.swift in Sources */,
				A0BDAB4425B7D00A00A711AB /* AppDelegate.swift in Sources */,
			);
			runOnlyForDeploymentPostprocessing = 0;
		};
		A0BDAB5225B7D00D00A711AB /* Sources */ = {
			isa = PBXSourcesBuildPhase;
			buildActionMask = 2147483647;
			files = (
				A0BDAB5B25B7D00D00A711AB /* VandMarvelTests.swift in Sources */,
			);
			runOnlyForDeploymentPostprocessing = 0;
		};
		A0BDAB5D25B7D00D00A711AB /* Sources */ = {
			isa = PBXSourcesBuildPhase;
			buildActionMask = 2147483647;
			files = (
				A0BDAB6625B7D00D00A711AB /* VandMarvelUITests.swift in Sources */,
			);
			runOnlyForDeploymentPostprocessing = 0;
		};
/* End PBXSourcesBuildPhase section */

/* Begin PBXTargetDependency section */
		A0BDAB5825B7D00D00A711AB /* PBXTargetDependency */ = {
			isa = PBXTargetDependency;
			target = A0BDAB3F25B7D00A00A711AB /* VandMarvel */;
			targetProxy = A0BDAB5725B7D00D00A711AB /* PBXContainerItemProxy */;
		};
		A0BDAB6325B7D00D00A711AB /* PBXTargetDependency */ = {
			isa = PBXTargetDependency;
			target = A0BDAB3F25B7D00A00A711AB /* VandMarvel */;
			targetProxy = A0BDAB6225B7D00D00A711AB /* PBXContainerItemProxy */;
		};
/* End PBXTargetDependency section */

/* Begin PBXVariantGroup section */
		A0BDAB4E25B7D00D00A711AB /* LaunchScreen.storyboard */ = {
			isa = PBXVariantGroup;
			children = (
				A0BDAB4F25B7D00D00A711AB /* Base */,
			);
			name = LaunchScreen.storyboard;
			sourceTree = "<group>";
		};
/* End PBXVariantGroup section */

/* Begin XCBuildConfiguration section */
		A0BDAB6825B7D00D00A711AB /* Debug */ = {
			isa = XCBuildConfiguration;
			buildSettings = {
				ALWAYS_SEARCH_USER_PATHS = NO;
				CLANG_ANALYZER_NONNULL = YES;
				CLANG_ANALYZER_NUMBER_OBJECT_CONVERSION = YES_AGGRESSIVE;
				CLANG_CXX_LANGUAGE_STANDARD = "gnu++14";
				CLANG_CXX_LIBRARY = "libc++";
				CLANG_ENABLE_MODULES = YES;
				CLANG_ENABLE_OBJC_ARC = YES;
				CLANG_ENABLE_OBJC_WEAK = YES;
				CLANG_WARN_BLOCK_CAPTURE_AUTORELEASING = YES;
				CLANG_WARN_BOOL_CONVERSION = YES;
				CLANG_WARN_COMMA = YES;
				CLANG_WARN_CONSTANT_CONVERSION = YES;
				CLANG_WARN_DEPRECATED_OBJC_IMPLEMENTATIONS = YES;
				CLANG_WARN_DIRECT_OBJC_ISA_USAGE = YES_ERROR;
				CLANG_WARN_DOCUMENTATION_COMMENTS = YES;
				CLANG_WARN_EMPTY_BODY = YES;
				CLANG_WARN_ENUM_CONVERSION = YES;
				CLANG_WARN_INFINITE_RECURSION = YES;
				CLANG_WARN_INT_CONVERSION = YES;
				CLANG_WARN_NON_LITERAL_NULL_CONVERSION = YES;
				CLANG_WARN_OBJC_IMPLICIT_RETAIN_SELF = YES;
				CLANG_WARN_OBJC_LITERAL_CONVERSION = YES;
				CLANG_WARN_OBJC_ROOT_CLASS = YES_ERROR;
				CLANG_WARN_QUOTED_INCLUDE_IN_FRAMEWORK_HEADER = YES;
				CLANG_WARN_RANGE_LOOP_ANALYSIS = YES;
				CLANG_WARN_STRICT_PROTOTYPES = YES;
				CLANG_WARN_SUSPICIOUS_MOVE = YES;
				CLANG_WARN_UNGUARDED_AVAILABILITY = YES_AGGRESSIVE;
				CLANG_WARN_UNREACHABLE_CODE = YES;
				CLANG_WARN__DUPLICATE_METHOD_MATCH = YES;
				COPY_PHASE_STRIP = NO;
				DEBUG_INFORMATION_FORMAT = dwarf;
				ENABLE_STRICT_OBJC_MSGSEND = YES;
				ENABLE_TESTABILITY = YES;
				GCC_C_LANGUAGE_STANDARD = gnu11;
				GCC_DYNAMIC_NO_PIC = NO;
				GCC_NO_COMMON_BLOCKS = YES;
				GCC_OPTIMIZATION_LEVEL = 0;
				GCC_PREPROCESSOR_DEFINITIONS = (
					"DEBUG=1",
					"$(inherited)",
				);
				GCC_WARN_64_TO_32_BIT_CONVERSION = YES;
				GCC_WARN_ABOUT_RETURN_TYPE = YES_ERROR;
				GCC_WARN_UNDECLARED_SELECTOR = YES;
				GCC_WARN_UNINITIALIZED_AUTOS = YES_AGGRESSIVE;
				GCC_WARN_UNUSED_FUNCTION = YES;
				GCC_WARN_UNUSED_VARIABLE = YES;
				IPHONEOS_DEPLOYMENT_TARGET = 11.0;
				MTL_ENABLE_DEBUG_INFO = INCLUDE_SOURCE;
				MTL_FAST_MATH = YES;
				ONLY_ACTIVE_ARCH = YES;
				SDKROOT = iphoneos;
				SWIFT_ACTIVE_COMPILATION_CONDITIONS = DEBUG;
				SWIFT_OPTIMIZATION_LEVEL = "-Onone";
			};
			name = Debug;
		};
		A0BDAB6925B7D00D00A711AB /* Release */ = {
			isa = XCBuildConfiguration;
			buildSettings = {
				ALWAYS_SEARCH_USER_PATHS = NO;
				CLANG_ANALYZER_NONNULL = YES;
				CLANG_ANALYZER_NUMBER_OBJECT_CONVERSION = YES_AGGRESSIVE;
				CLANG_CXX_LANGUAGE_STANDARD = "gnu++14";
				CLANG_CXX_LIBRARY = "libc++";
				CLANG_ENABLE_MODULES = YES;
				CLANG_ENABLE_OBJC_ARC = YES;
				CLANG_ENABLE_OBJC_WEAK = YES;
				CLANG_WARN_BLOCK_CAPTURE_AUTORELEASING = YES;
				CLANG_WARN_BOOL_CONVERSION = YES;
				CLANG_WARN_COMMA = YES;
				CLANG_WARN_CONSTANT_CONVERSION = YES;
				CLANG_WARN_DEPRECATED_OBJC_IMPLEMENTATIONS = YES;
				CLANG_WARN_DIRECT_OBJC_ISA_USAGE = YES_ERROR;
				CLANG_WARN_DOCUMENTATION_COMMENTS = YES;
				CLANG_WARN_EMPTY_BODY = YES;
				CLANG_WARN_ENUM_CONVERSION = YES;
				CLANG_WARN_INFINITE_RECURSION = YES;
				CLANG_WARN_INT_CONVERSION = YES;
				CLANG_WARN_NON_LITERAL_NULL_CONVERSION = YES;
				CLANG_WARN_OBJC_IMPLICIT_RETAIN_SELF = YES;
				CLANG_WARN_OBJC_LITERAL_CONVERSION = YES;
				CLANG_WARN_OBJC_ROOT_CLASS = YES_ERROR;
				CLANG_WARN_QUOTED_INCLUDE_IN_FRAMEWORK_HEADER = YES;
				CLANG_WARN_RANGE_LOOP_ANALYSIS = YES;
				CLANG_WARN_STRICT_PROTOTYPES = YES;
				CLANG_WARN_SUSPICIOUS_MOVE = YES;
				CLANG_WARN_UNGUARDED_AVAILABILITY = YES_AGGRESSIVE;
				CLANG_WARN_UNREACHABLE_CODE = YES;
				CLANG_WARN__DUPLICATE_METHOD_MATCH = YES;
				COPY_PHASE_STRIP = NO;
				DEBUG_INFORMATION_FORMAT = "dwarf-with-dsym";
				ENABLE_NS_ASSERTIONS = NO;
				ENABLE_STRICT_OBJC_MSGSEND = YES;
				GCC_C_LANGUAGE_STANDARD = gnu11;
				GCC_NO_COMMON_BLOCKS = YES;
				GCC_WARN_64_TO_32_BIT_CONVERSION = YES;
				GCC_WARN_ABOUT_RETURN_TYPE = YES_ERROR;
				GCC_WARN_UNDECLARED_SELECTOR = YES;
				GCC_WARN_UNINITIALIZED_AUTOS = YES_AGGRESSIVE;
				GCC_WARN_UNUSED_FUNCTION = YES;
				GCC_WARN_UNUSED_VARIABLE = YES;
				IPHONEOS_DEPLOYMENT_TARGET = 11.0;
				MTL_ENABLE_DEBUG_INFO = NO;
				MTL_FAST_MATH = YES;
				SDKROOT = iphoneos;
				SWIFT_COMPILATION_MODE = wholemodule;
				SWIFT_OPTIMIZATION_LEVEL = "-O";
				VALIDATE_PRODUCT = YES;
			};
			name = Release;
		};
		A0BDAB6B25B7D00D00A711AB /* Debug */ = {
			isa = XCBuildConfiguration;
			baseConfigurationReference = 246A38276B15A4BED39BE6BA /* Pods-VandMarvel.debug.xcconfig */;
			buildSettings = {
				ASSETCATALOG_COMPILER_APPICON_NAME = AppIcon;
				ASSETCATALOG_COMPILER_GLOBAL_ACCENT_COLOR_NAME = AccentColor;
				CODE_SIGN_STYLE = Automatic;
				DEVELOPMENT_TEAM = U82JV2PDFM;
				INFOPLIST_FILE = "VandMarvel/Supporting Files/Info.plist";
				IPHONEOS_DEPLOYMENT_TARGET = 11.0;
				LD_RUNPATH_SEARCH_PATHS = (
					"$(inherited)",
					"@executable_path/Frameworks",
				);
				PRODUCT_BUNDLE_IDENTIFIER = vand.dev.VandMarvel;
				PRODUCT_NAME = "$(TARGET_NAME)";
				SWIFT_VERSION = 5.0;
				TARGETED_DEVICE_FAMILY = "1,2";
			};
			name = Debug;
		};
		A0BDAB6C25B7D00D00A711AB /* Release */ = {
			isa = XCBuildConfiguration;
			baseConfigurationReference = 725052A310633EA844598A70 /* Pods-VandMarvel.release.xcconfig */;
			buildSettings = {
				ASSETCATALOG_COMPILER_APPICON_NAME = AppIcon;
				ASSETCATALOG_COMPILER_GLOBAL_ACCENT_COLOR_NAME = AccentColor;
				CODE_SIGN_STYLE = Automatic;
				DEVELOPMENT_TEAM = U82JV2PDFM;
				INFOPLIST_FILE = "VandMarvel/Supporting Files/Info.plist";
				IPHONEOS_DEPLOYMENT_TARGET = 11.0;
				LD_RUNPATH_SEARCH_PATHS = (
					"$(inherited)",
					"@executable_path/Frameworks",
				);
				PRODUCT_BUNDLE_IDENTIFIER = vand.dev.VandMarvel;
				PRODUCT_NAME = "$(TARGET_NAME)";
				SWIFT_VERSION = 5.0;
				TARGETED_DEVICE_FAMILY = "1,2";
			};
			name = Release;
		};
		A0BDAB6E25B7D00D00A711AB /* Debug */ = {
			isa = XCBuildConfiguration;
			baseConfigurationReference = A0C55D3F9FB1DC08DFDD2FD3 /* Pods-VandMarvelTests.debug.xcconfig */;
			buildSettings = {
				ALWAYS_EMBED_SWIFT_STANDARD_LIBRARIES = YES;
				BUNDLE_LOADER = "$(TEST_HOST)";
				CODE_SIGN_STYLE = Automatic;
				DEVELOPMENT_TEAM = U82JV2PDFM;
				INFOPLIST_FILE = VandMarvelTests/Info.plist;
				IPHONEOS_DEPLOYMENT_TARGET = 14.3;
				LD_RUNPATH_SEARCH_PATHS = (
					"$(inherited)",
					"@executable_path/Frameworks",
					"@loader_path/Frameworks",
				);
				PRODUCT_BUNDLE_IDENTIFIER = vand.dev.VandMarvelTests;
				PRODUCT_NAME = "$(TARGET_NAME)";
				SWIFT_VERSION = 5.0;
				TARGETED_DEVICE_FAMILY = "1,2";
				TEST_HOST = "$(BUILT_PRODUCTS_DIR)/VandMarvel.app/VandMarvel";
			};
			name = Debug;
		};
		A0BDAB6F25B7D00D00A711AB /* Release */ = {
			isa = XCBuildConfiguration;
			baseConfigurationReference = 51811E45D2B8A86F14A878EB /* Pods-VandMarvelTests.release.xcconfig */;
			buildSettings = {
				ALWAYS_EMBED_SWIFT_STANDARD_LIBRARIES = YES;
				BUNDLE_LOADER = "$(TEST_HOST)";
				CODE_SIGN_STYLE = Automatic;
				DEVELOPMENT_TEAM = U82JV2PDFM;
				INFOPLIST_FILE = VandMarvelTests/Info.plist;
				IPHONEOS_DEPLOYMENT_TARGET = 14.3;
				LD_RUNPATH_SEARCH_PATHS = (
					"$(inherited)",
					"@executable_path/Frameworks",
					"@loader_path/Frameworks",
				);
				PRODUCT_BUNDLE_IDENTIFIER = vand.dev.VandMarvelTests;
				PRODUCT_NAME = "$(TARGET_NAME)";
				SWIFT_VERSION = 5.0;
				TARGETED_DEVICE_FAMILY = "1,2";
				TEST_HOST = "$(BUILT_PRODUCTS_DIR)/VandMarvel.app/VandMarvel";
			};
			name = Release;
		};
		A0BDAB7125B7D00D00A711AB /* Debug */ = {
			isa = XCBuildConfiguration;
			baseConfigurationReference = 335674ADCEDB4F103C189616 /* Pods-VandMarvel-VandMarvelUITests.debug.xcconfig */;
			buildSettings = {
				ALWAYS_EMBED_SWIFT_STANDARD_LIBRARIES = YES;
				CODE_SIGN_STYLE = Automatic;
				DEVELOPMENT_TEAM = U82JV2PDFM;
				INFOPLIST_FILE = VandMarvelUITests/Info.plist;
				LD_RUNPATH_SEARCH_PATHS = (
					"$(inherited)",
					"@executable_path/Frameworks",
					"@loader_path/Frameworks",
				);
				PRODUCT_BUNDLE_IDENTIFIER = vand.dev.VandMarvelUITests;
				PRODUCT_NAME = "$(TARGET_NAME)";
				SWIFT_VERSION = 5.0;
				TARGETED_DEVICE_FAMILY = "1,2";
				TEST_TARGET_NAME = VandMarvel;
			};
			name = Debug;
		};
		A0BDAB7225B7D00D00A711AB /* Release */ = {
			isa = XCBuildConfiguration;
			baseConfigurationReference = 1AA84036795EE8B83AB9C688 /* Pods-VandMarvel-VandMarvelUITests.release.xcconfig */;
			buildSettings = {
				ALWAYS_EMBED_SWIFT_STANDARD_LIBRARIES = YES;
				CODE_SIGN_STYLE = Automatic;
				DEVELOPMENT_TEAM = U82JV2PDFM;
				INFOPLIST_FILE = VandMarvelUITests/Info.plist;
				LD_RUNPATH_SEARCH_PATHS = (
					"$(inherited)",
					"@executable_path/Frameworks",
					"@loader_path/Frameworks",
				);
				PRODUCT_BUNDLE_IDENTIFIER = vand.dev.VandMarvelUITests;
				PRODUCT_NAME = "$(TARGET_NAME)";
				SWIFT_VERSION = 5.0;
				TARGETED_DEVICE_FAMILY = "1,2";
				TEST_TARGET_NAME = VandMarvel;
			};
			name = Release;
		};
/* End XCBuildConfiguration section */

/* Begin XCConfigurationList section */
		A0BDAB3B25B7D00A00A711AB /* Build configuration list for PBXProject "VandMarvel" */ = {
			isa = XCConfigurationList;
			buildConfigurations = (
				A0BDAB6825B7D00D00A711AB /* Debug */,
				A0BDAB6925B7D00D00A711AB /* Release */,
			);
			defaultConfigurationIsVisible = 0;
			defaultConfigurationName = Release;
		};
		A0BDAB6A25B7D00D00A711AB /* Build configuration list for PBXNativeTarget "VandMarvel" */ = {
			isa = XCConfigurationList;
			buildConfigurations = (
				A0BDAB6B25B7D00D00A711AB /* Debug */,
				A0BDAB6C25B7D00D00A711AB /* Release */,
			);
			defaultConfigurationIsVisible = 0;
			defaultConfigurationName = Release;
		};
		A0BDAB6D25B7D00D00A711AB /* Build configuration list for PBXNativeTarget "VandMarvelTests" */ = {
			isa = XCConfigurationList;
			buildConfigurations = (
				A0BDAB6E25B7D00D00A711AB /* Debug */,
				A0BDAB6F25B7D00D00A711AB /* Release */,
			);
			defaultConfigurationIsVisible = 0;
			defaultConfigurationName = Release;
		};
		A0BDAB7025B7D00D00A711AB /* Build configuration list for PBXNativeTarget "VandMarvelUITests" */ = {
			isa = XCConfigurationList;
			buildConfigurations = (
				A0BDAB7125B7D00D00A711AB /* Debug */,
				A0BDAB7225B7D00D00A711AB /* Release */,
			);
			defaultConfigurationIsVisible = 0;
			defaultConfigurationName = Release;
		};
/* End XCConfigurationList section */
	};
	rootObject = A0BDAB3825B7D00A00A711AB /* Project object */;
}
